
Microsoft Visual Studio Solution File, Format Version 11.00
# Visual Studio 2010
Project("{8BC9CEB8-8B4A-11D0-8D11-00A0C91BC942}") = "L-SYSTEM", "L-SYSTEM\L-SYSTEM.vcxproj", "{33AD3B0C-72AF-49D0-A5F3-4C3F70C576D1}"
EndProject
Global
	GlobalSection(SolutionConfigurationPlatforms) = preSolution
		Debug|Win32 = Debug|Win32
		Release|Win32 = Release|Win32
	EndGlobalSection
	GlobalSection(ProjectConfigurationPlatforms) = postSolution
		{33AD3B0C-72AF-49D0-A5F3-4C3F70C576D1}.Debug|Win32.ActiveCfg = Debug|Win32
		{33AD3B0C-72AF-49D0-A5F3-4C3F70C576D1}.Debug|Win32.Build.0 = Debug|Win32
		{33AD3B0C-72AF-49D0-A5F3-4C3F70C576D1}.Release|Win32.ActiveCfg = Release|Win32
		{33AD3B0C-72AF-49D0-A5F3-4C3F70C576D1}.Release|Win32.Build.0 = Release|Win32
	EndGlobalSection
	GlobalSection(SolutionProperties) = preSolution
		HideSolutionNode = FALSE
	EndGlobalSection
EndGlobal
